
Microsoft Visual Studio Solution File, Format Version 12.00
# Visual Studio 15
Project("{FAE04EC0-301F-11D3-BF4B-00C04F79EFBC}") = "Assembly-CSharp", "Assembly-CSharp.csproj", "{6E8C4E1A-A17E-B985-3593-4237B07E660A}"
EndProject
Project("{FAE04EC0-301F-11D3-BF4B-00C04F79EFBC}") = "Assembly-CSharp-Editor", "Assembly-CSharp-Editor.csproj", "{9765339A-EE73-7C73-4D04-88AD34F49C22}"
EndProject
Global
	GlobalSection(SolutionConfigurationPlatforms) = preSolution
		Debug|Any CPU = Debug|Any CPU
		Release|Any CPU = Release|Any CPU
	EndGlobalSection
	GlobalSection(ProjectConfigurationPlatforms) = postSolution
		{6E8C4E1A-A17E-B985-3593-4237B07E660A}.Debug|Any CPU.ActiveCfg = Debug|Any CPU
		{6E8C4E1A-A17E-B985-3593-4237B07E660A}.Debug|Any CPU.Build.0 = Debug|Any CPU
		{6E8C4E1A-A17E-B985-3593-4237B07E660A}.Release|Any CPU.ActiveCfg = Release|Any CPU
		{6E8C4E1A-A17E-B985-3593-4237B07E660A}.Release|Any CPU.Build.0 = Release|Any CPU
		{9765339A-EE73-7C73-4D04-88AD34F49C22}.Debug|Any CPU.ActiveCfg = Debug|Any CPU
		{9765339A-EE73-7C73-4D04-88AD34F49C22}.Debug|Any CPU.Build.0 = Debug|Any CPU
		{9765339A-EE73-7C73-4D04-88AD34F49C22}.Release|Any CPU.ActiveCfg = Release|Any CPU
		{9765339A-EE73-7C73-4D04-88AD34F49C22}.Release|Any CPU.Build.0 = Release|Any CPU
	EndGlobalSection
	GlobalSection(SolutionProperties) = preSolution
		HideSolutionNode = FALSE
	EndGlobalSection
EndGlobal
